// !$*UTF8*$!
{
	archiveVersion = 1;
	classes = {
	};
	objectVersion = 48;
	objects = {

/* Begin PBXBuildFile section */
		AC2F52C420A35C620006CBF0 /* AppDelegate.swift in Sources */ = {isa = PBXBuildFile; fileRef = AC2F52C320A35C620006CBF0 /* AppDelegate.swift */; };
		AC2F52C720A35C620006CBF0 /* LyrixApp.xcdatamodeld in Sources */ = {isa = PBXBuildFile; fileRef = AC2F52C520A35C620006CBF0 /* LyrixApp.xcdatamodeld */; };
		AC2F52C920A35C620006CBF0 /* MasterViewController.swift in Sources */ = {isa = PBXBuildFile; fileRef = AC2F52C820A35C620006CBF0 /* MasterViewController.swift */; };
		AC2F52CB20A35C620006CBF0 /* DetailViewController.swift in Sources */ = {isa = PBXBuildFile; fileRef = AC2F52CA20A35C620006CBF0 /* DetailViewController.swift */; };
		AC2F52CE20A35C620006CBF0 /* Main.storyboard in Resources */ = {isa = PBXBuildFile; fileRef = AC2F52CC20A35C620006CBF0 /* Main.storyboard */; };
		AC2F52D020A35C620006CBF0 /* Assets.xcassets in Resources */ = {isa = PBXBuildFile; fileRef = AC2F52CF20A35C620006CBF0 /* Assets.xcassets */; };
		AC2F52D320A35C620006CBF0 /* LaunchScreen.storyboard in Resources */ = {isa = PBXBuildFile; fileRef = AC2F52D120A35C620006CBF0 /* LaunchScreen.storyboard */; };
/* End PBXBuildFile section */

/* Begin PBXFileReference section */
		AC2F52C020A35C620006CBF0 /* LyrixApp.app */ = {isa = PBXFileReference; explicitFileType = wrapper.application; includeInIndex = 0; path = LyrixApp.app; sourceTree = BUILT_PRODUCTS_DIR; };
		AC2F52C320A35C620006CBF0 /* AppDelegate.swift */ = {isa = PBXFileReference; lastKnownFileType = sourcecode.swift; path = AppDelegate.swift; sourceTree = "<group>"; };
		AC2F52C620A35C620006CBF0 /* LyrixApp.xcdatamodel */ = {isa = PBXFileReference; lastKnownFileType = wrapper.xcdatamodel; path = LyrixApp.xcdatamodel; sourceTree = "<group>"; };
		AC2F52C820A35C620006CBF0 /* MasterViewController.swift */ = {isa = PBXFileReference; lastKnownFileType = sourcecode.swift; path = MasterViewController.swift; sourceTree = "<group>"; };
		AC2F52CA20A35C620006CBF0 /* DetailViewController.swift */ = {isa = PBXFileReference; lastKnownFileType = sourcecode.swift; path = DetailViewController.swift; sourceTree = "<group>"; };
		AC2F52CD20A35C620006CBF0 /* Base */ = {isa = PBXFileReference; lastKnownFileType = file.storyboard; name = Base; path = Base.lproj/Main.storyboard; sourceTree = "<group>"; };
		AC2F52CF20A35C620006CBF0 /* Assets.xcassets */ = {isa = PBXFileReference; lastKnownFileType = folder.assetcatalog; path = Assets.xcassets; sourceTree = "<group>"; };
		AC2F52D220A35C620006CBF0 /* Base */ = {isa = PBXFileReference; lastKnownFileType = file.storyboard; name = Base; path = Base.lproj/LaunchScreen.storyboard; sourceTree = "<group>"; };
		AC2F52D420A35C620006CBF0 /* Info.plist */ = {isa = PBXFileReference; lastKnownFileType = text.plist.xml; path = Info.plist; sourceTree = "<group>"; };
/* End PBXFileReference section */

/* Begin PBXFrameworksBuildPhase section */
		AC2F52BD20A35C620006CBF0 /* Frameworks */ = {
			isa = PBXFrameworksBuildPhase;
			buildActionMask = 2147483647;
			files = (
			);
			runOnlyForDeploymentPostprocessing = 0;
		};
/* End PBXFrameworksBuildPhase section */

/* Begin PBXGroup section */
		AC2F52B720A35C620006CBF0 = {
			isa = PBXGroup;
			children = (
				AC2F52C220A35C620006CBF0 /* LyrixApp */,
				AC2F52C120A35C620006CBF0 /* Products */,
			);
			sourceTree = "<group>";
		};
		AC2F52C120A35C620006CBF0 /* Products */ = {
			isa = PBXGroup;
			children = (
				AC2F52C020A35C620006CBF0 /* LyrixApp.app */,
			);
			name = Products;
			sourceTree = "<group>";
		};
		AC2F52C220A35C620006CBF0 /* LyrixApp */ = {
			isa = PBXGroup;
			children = (
				AC2F52C320A35C620006CBF0 /* AppDelegate.swift */,
				AC2F52C820A35C620006CBF0 /* MasterViewController.swift */,
				AC2F52CA20A35C620006CBF0 /* DetailViewController.swift */,
				AC2F52CC20A35C620006CBF0 /* Main.storyboard */,
				AC2F52CF20A35C620006CBF0 /* Assets.xcassets */,
				AC2F52D120A35C620006CBF0 /* LaunchScreen.storyboard */,
				AC2F52D420A35C620006CBF0 /* Info.plist */,
				AC2F52C520A35C620006CBF0 /* LyrixApp.xcdatamodeld */,
			);
			path = LyrixApp;
			sourceTree = "<group>";
		};
/* End PBXGroup section */

/* Begin PBXNativeTarget section */
		AC2F52BF20A35C620006CBF0 /* LyrixApp */ = {
			isa = PBXNativeTarget;
			buildConfigurationList = AC2F52D720A35C620006CBF0 /* Build configuration list for PBXNativeTarget "LyrixApp" */;
			buildPhases = (
				AC2F52BC20A35C620006CBF0 /* Sources */,
				AC2F52BD20A35C620006CBF0 /* Frameworks */,
				AC2F52BE20A35C620006CBF0 /* Resources */,
			);
			buildRules = (
			);
			dependencies = (
			);
			name = LyrixApp;
			productName = LyrixApp;
			productReference = AC2F52C020A35C620006CBF0 /* LyrixApp.app */;
			productType = "com.apple.product-type.application";
		};
/* End PBXNativeTarget section */

/* Begin PBXProject section */
		AC2F52B820A35C620006CBF0 /* Project object */ = {
			isa = PBXProject;
			attributes = {
				LastSwiftUpdateCheck = 0920;
				LastUpgradeCheck = 0920;
				ORGANIZATIONNAME = Infinity;
				TargetAttributes = {
					AC2F52BF20A35C620006CBF0 = {
						CreatedOnToolsVersion = 9.2;
						ProvisioningStyle = Automatic;
					};
				};
			};
			buildConfigurationList = AC2F52BB20A35C620006CBF0 /* Build configuration list for PBXProject "LyrixApp" */;
			compatibilityVersion = "Xcode 8.0";
			developmentRegion = en;
			hasScannedForEncodings = 0;
			knownRegions = (
				en,
				Base,
			);
			mainGroup = AC2F52B720A35C620006CBF0;
			productRefGroup = AC2F52C120A35C620006CBF0 /* Products */;
			projectDirPath = "";
			projectRoot = "";
			targets = (
				AC2F52BF20A35C620006CBF0 /* LyrixApp */,
			);
		};
/* End PBXProject section */

/* Begin PBXResourcesBuildPhase section */
		AC2F52BE20A35C620006CBF0 /* Resources */ = {
			isa = PBXResourcesBuildPhase;
			buildActionMask = 2147483647;
			files = (
				AC2F52D320A35C620006CBF0 /* LaunchScreen.storyboard in Resources */,
				AC2F52D020A35C620006CBF0 /* Assets.xcassets in Resources */,
				AC2F52CE20A35C620006CBF0 /* Main.storyboard in Resources */,
			);
			runOnlyForDeploymentPostprocessing = 0;
		};
/* End PBXResourcesBuildPhase section */

/* Begin PBXSourcesBuildPhase section */
		AC2F52BC20A35C620006CBF0 /* Sources */ = {
			isa = PBXSourcesBuildPhase;
			buildActionMask = 2147483647;
			files = (
				AC2F52C720A35C620006CBF0 /* LyrixApp.xcdatamodeld in Sources */,
				AC2F52C420A35C620006CBF0 /* AppDelegate.swift in Sources */,
				AC2F52C920A35C620006CBF0 /* MasterViewController.swift in Sources */,
				AC2F52CB20A35C620006CBF0 /* DetailViewController.swift in Sources */,
			);
			runOnlyForDeploymentPostprocessing = 0;
		};
/* End PBXSourcesBuildPhase section */

/* Begin PBXVariantGroup section */
		AC2F52CC20A35C620006CBF0 /* Main.storyboard */ = {
			isa = PBXVariantGroup;
			children = (
				AC2F52CD20A35C620006CBF0 /* Base */,
			);
			name = Main.storyboard;
			sourceTree = "<group>";
		};
		AC2F52D120A35C620006CBF0 /* LaunchScreen.storyboard */ = {
			isa = PBXVariantGroup;
			children = (
				AC2F52D220A35C620006CBF0 /* Base */,
			);
			name = LaunchScreen.storyboard;
			sourceTree = "<group>";
		};
/* End PBXVariantGroup section */

/* Begin XCBuildConfiguration section */
		AC2F52D520A35C620006CBF0 /* Debug */ = {
			isa = XCBuildConfiguration;
			buildSettings = {
				ALWAYS_SEARCH_USER_PATHS = NO;
				CLANG_ANALYZER_NONNULL = YES;
				CLANG_ANALYZER_NUMBER_OBJECT_CONVERSION = YES_AGGRESSIVE;
				CLANG_CXX_LANGUAGE_STANDARD = "gnu++14";
				CLANG_CXX_LIBRARY = "libc++";
				CLANG_ENABLE_MODULES = YES;
				CLANG_ENABLE_OBJC_ARC = YES;
				CLANG_WARN_BLOCK_CAPTURE_AUTORELEASING = YES;
				CLANG_WARN_BOOL_CONVERSION = YES;
				CLANG_WARN_COMMA = YES;
				CLANG_WARN_CONSTANT_CONVERSION = YES;
				CLANG_WARN_DIRECT_OBJC_ISA_USAGE = YES_ERROR;
				CLANG_WARN_DOCUMENTATION_COMMENTS = YES;
				CLANG_WARN_EMPTY_BODY = YES;
				CLANG_WARN_ENUM_CONVERSION = YES;
				CLANG_WARN_INFINITE_RECURSION = YES;
				CLANG_WARN_INT_CONVERSION = YES;
				CLANG_WARN_NON_LITERAL_NULL_CONVERSION = YES;
				CLANG_WARN_OBJC_LITERAL_CONVERSION = YES;
				CLANG_WARN_OBJC_ROOT_CLASS = YES_ERROR;
				CLANG_WARN_RANGE_LOOP_ANALYSIS = YES;
				CLANG_WARN_STRICT_PROTOTYPES = YES;
				CLANG_WARN_SUSPICIOUS_MOVE = YES;
				CLANG_WARN_UNGUARDED_AVAILABILITY = YES_AGGRESSIVE;
				CLANG_WARN_UNREACHABLE_CODE = YES;
				CLANG_WARN__DUPLICATE_METHOD_MATCH = YES;
				CODE_SIGN_IDENTITY = "iPhone Developer";
				COPY_PHASE_STRIP = NO;
				DEBUG_INFORMATION_FORMAT = dwarf;
				ENABLE_STRICT_OBJC_MSGSEND = YES;
				ENABLE_TESTABILITY = YES;
				GCC_C_LANGUAGE_STANDARD = gnu11;
				GCC_DYNAMIC_NO_PIC = NO;
				GCC_NO_COMMON_BLOCKS = YES;
				GCC_OPTIMIZATION_LEVEL = 0;
				GCC_PREPROCESSOR_DEFINITIONS = (
					"DEBUG=1",
					"$(inherited)",
				);
				GCC_WARN_64_TO_32_BIT_CONVERSION = YES;
				GCC_WARN_ABOUT_RETURN_TYPE = YES_ERROR;
				GCC_WARN_UNDECLARED_SELECTOR = YES;
				GCC_WARN_UNINITIALIZED_AUTOS = YES_AGGRESSIVE;
				GCC_WARN_UNUSED_FUNCTION = YES;
				GCC_WARN_UNUSED_VARIABLE = YES;
				IPHONEOS_DEPLOYMENT_TARGET = 11.2;
				MTL_ENABLE_DEBUG_INFO = YES;
				ONLY_ACTIVE_ARCH = YES;
				SDKROOT = iphoneos;
				SWIFT_ACTIVE_COMPILATION_CONDITIONS = DEBUG;
				SWIFT_OPTIMIZATION_LEVEL = "-Onone";
			};
			name = Debug;
		};
		AC2F52D620A35C620006CBF0 /* Release */ = {
			isa = XCBuildConfiguration;
			buildSettings = {
				ALWAYS_SEARCH_USER_PATHS = NO;
				CLANG_ANALYZER_NONNULL = YES;
				CLANG_ANALYZER_NUMBER_OBJECT_CONVERSION = YES_AGGRESSIVE;
				CLANG_CXX_LANGUAGE_STANDARD = "gnu++14";
				CLANG_CXX_LIBRARY = "libc++";
				CLANG_ENABLE_MODULES = YES;
				CLANG_ENABLE_OBJC_ARC = YES;
				CLANG_WARN_BLOCK_CAPTURE_AUTORELEASING = YES;
				CLANG_WARN_BOOL_CONVERSION = YES;
				CLANG_WARN_COMMA = YES;
				CLANG_WARN_CONSTANT_CONVERSION = YES;
				CLANG_WARN_DIRECT_OBJC_ISA_USAGE = YES_ERROR;
				CLANG_WARN_DOCUMENTATION_COMMENTS = YES;
				CLANG_WARN_EMPTY_BODY = YES;
				CLANG_WARN_ENUM_CONVERSION = YES;
				CLANG_WARN_INFINITE_RECURSION = YES;
				CLANG_WARN_INT_CONVERSION = YES;
				CLANG_WARN_NON_LITERAL_NULL_CONVERSION = YES;
				CLANG_WARN_OBJC_LITERAL_CONVERSION = YES;
				CLANG_WARN_OBJC_ROOT_CLASS = YES_ERROR;
				CLANG_WARN_RANGE_LOOP_ANALYSIS = YES;
				CLANG_WARN_STRICT_PROTOTYPES = YES;
				CLANG_WARN_SUSPICIOUS_MOVE = YES;
				CLANG_WARN_UNGUARDED_AVAILABILITY = YES_AGGRESSIVE;
				CLANG_WARN_UNREACHABLE_CODE = YES;
				CLANG_WARN__DUPLICATE_METHOD_MATCH = YES;
				CODE_SIGN_IDENTITY = "iPhone Developer";
				COPY_PHASE_STRIP = NO;
				DEBUG_INFORMATION_FORMAT = "dwarf-with-dsym";
				ENABLE_NS_ASSERTIONS = NO;
				ENABLE_STRICT_OBJC_MSGSEND = YES;
				GCC_C_LANGUAGE_STANDARD = gnu11;
				GCC_NO_COMMON_BLOCKS = YES;
				GCC_WARN_64_TO_32_BIT_CONVERSION = YES;
				GCC_WARN_ABOUT_RETURN_TYPE = YES_ERROR;
				GCC_WARN_UNDECLARED_SELECTOR = YES;
				GCC_WARN_UNINITIALIZED_AUTOS = YES_AGGRESSIVE;
				GCC_WARN_UNUSED_FUNCTION = YES;
				GCC_WARN_UNUSED_VARIABLE = YES;
				IPHONEOS_DEPLOYMENT_TARGET = 11.2;
				MTL_ENABLE_DEBUG_INFO = NO;
				SDKROOT = iphoneos;
				SWIFT_OPTIMIZATION_LEVEL = "-Owholemodule";
				VALIDATE_PRODUCT = YES;
			};
			name = Release;
		};
		AC2F52D820A35C620006CBF0 /* Debug */ = {
			isa = XCBuildConfiguration;
			buildSettings = {
				ASSETCATALOG_COMPILER_APPICON_NAME = AppIcon;
				CODE_SIGN_STYLE = Automatic;
				INFOPLIST_FILE = LyrixApp/Info.plist;
				LD_RUNPATH_SEARCH_PATHS = "$(inherited) @executable_path/Frameworks";
				PRODUCT_BUNDLE_IDENTIFIER = iit.infinity.com.LyrixApp;
				PRODUCT_NAME = "$(TARGET_NAME)";
				SWIFT_VERSION = 4.0;
				TARGETED_DEVICE_FAMILY = "1,2";
			};
			name = Debug;
		};
		AC2F52D920A35C620006CBF0 /* Release */ = {
			isa = XCBuildConfiguration;
			buildSettings = {
				ASSETCATALOG_COMPILER_APPICON_NAME = AppIcon;
				CODE_SIGN_STYLE = Automatic;
				INFOPLIST_FILE = LyrixApp/Info.plist;
				LD_RUNPATH_SEARCH_PATHS = "$(inherited) @executable_path/Frameworks";
				PRODUCT_BUNDLE_IDENTIFIER = iit.infinity.com.LyrixApp;
				PRODUCT_NAME = "$(TARGET_NAME)";
				SWIFT_VERSION = 4.0;
				TARGETED_DEVICE_FAMILY = "1,2";
			};
			name = Release;
		};
/* End XCBuildConfiguration section */

/* Begin XCConfigurationList section */
		AC2F52BB20A35C620006CBF0 /* Build configuration list for PBXProject "LyrixApp" */ = {
			isa = XCConfigurationList;
			buildConfigurations = (
				AC2F52D520A35C620006CBF0 /* Debug */,
				AC2F52D620A35C620006CBF0 /* Release */,
			);
			defaultConfigurationIsVisible = 0;
			defaultConfigurationName = Release;
		};
		AC2F52D720A35C620006CBF0 /* Build configuration list for PBXNativeTarget "LyrixApp" */ = {
			isa = XCConfigurationList;
			buildConfigurations = (
				AC2F52D820A35C620006CBF0 /* Debug */,
				AC2F52D920A35C620006CBF0 /* Release */,
			);
			defaultConfigurationIsVisible = 0;
			defaultConfigurationName = Release;
		};
/* End XCConfigurationList section */

/* Begin XCVersionGroup section */
		AC2F52C520A35C620006CBF0 /* LyrixApp.xcdatamodeld */ = {
			isa = XCVersionGroup;
			children = (
				AC2F52C620A35C620006CBF0 /* LyrixApp.xcdatamodel */,
			);
			currentVersion = AC2F52C620A35C620006CBF0 /* LyrixApp.xcdatamodel */;
			path = LyrixApp.xcdatamodeld;
			sourceTree = "<group>";
			versionGroupType = wrapper.xcdatamodel;
		};
/* End XCVersionGroup section */
	};
	rootObject = AC2F52B820A35C620006CBF0 /* Project object */;
}
